{
  "name": "go-monorepo",
  "lockfileVersion": 3,
  "requires": true,
  "packages": {
    "": {
      "name": "go-monorepo",
      "workspaces": [
        "packages/*"
      ]
    },
    "node_modules/js-pkg": {
      "resolved": "packages/js-pkg",
      "link": true
    },
    "node_modules/picocolors": {
      "version": "1.1.1",
      "resolved": "https://registry.npmjs.org/picocolors/-/picocolors-1.1.1.tgz",
      "integrity": "sha512-xceH2snhtb5M9liqDsmEw56le376mTZkEX/jEb/RxNFyegNul7eNslCXP9FDj/Lcu0X8KEyMceP2ntpaHrDEVA=="
    },
    "packages/js-pkg": {
      "version": "0.0.0",
      "dependencies": {
        "picocolors": "1.1.1"
      }
    }
  }
}
