lockfileVersion: '6.0'

settings:
  autoInstallPeers: true
  excludeLinksFromLockfile: false

importers:

  .:
    devDependencies:
      turbo:
        specifier: ^2.7.1
        version: 2.7.1

  apps/app-a:
    dependencies:
      pkg-a:
        specifier: workspace:*
        version: link:../../packages/pkg-a
      tooling-config:
        specifier: workspace:*
        version: link:../../packages/tooling-config

  apps/app-b:
    dependencies:
      tooling-config:
        specifier: workspace:*
        version: link:../../packages/tooling-config

  packages/pkg-a:
    dependencies:
      tooling-config:
        specifier: workspace:*
        version: link:../tooling-config

  packages/pkg-b:
    dependencies:
      tooling-config:
        specifier: workspace:*
        version: link:../tooling-config

  packages/tooling-config: {}

packages:

  /turbo-darwin-64@2.7.1:
    resolution: {integrity: sha512-EaA7UfYujbY9/Ku0WqPpvfctxm91h9LF7zo8vjielz+omfAPB54Si+ADmUoBczBDC6RoLgbURC3GmUW2alnjJg==}
    cpu: [x64]
    os: [darwin]
    requiresBuild: true
    dev: true
    optional: true

  /turbo-darwin-arm64@2.7.1:
    resolution: {integrity: sha512-/pWGSygtBugd7sKQOeMm+jKY3qN1vyB0RiHBM6bN/6qUOo2VHo8IQwBTIaSgINN4Ue6fzEU+WfePNvonSU9yXw==}
    cpu: [arm64]
    os: [darwin]
    requiresBuild: true
    dev: true
    optional: true

  /turbo-linux-64@2.7.1:
    resolution: {integrity: sha512-Y5H11mdhASw/dJuRFyGtTCDFX5/MPT73EKsVEiHbw5MkFc77lx3nMc5L/Q7bKEhef/vYJAsAb61QuHsB6qdP8Q==}
    cpu: [x64]
    os: [linux]
    requiresBuild: true
    dev: true
    optional: true

  /turbo-linux-arm64@2.7.1:
    resolution: {integrity: sha512-L/r77jD7cqIEXoyu2LGBUrTY5GJSi/XcGLsQ2nZ/fefk6x3MpljTvwsXUVG1BUkiBPc4zaKRj6yGyWMo5MbLxQ==}
    cpu: [arm64]
    os: [linux]
    requiresBuild: true
    dev: true
    optional: true

  /turbo-windows-64@2.7.1:
    resolution: {integrity: sha512-rkeuviXZ/1F7lCare7TNKvYtT/SH9dZR55FAMrxrFRh88b+ZKwlXEBfq5/1OctEzRUo/VLIm+s5LJMOEy+QshA==}
    cpu: [x64]
    os: [win32]
    requiresBuild: true
    dev: true
    optional: true

  /turbo-windows-arm64@2.7.1:
    resolution: {integrity: sha512-1rZk9htm3+iP/rWCf/h4/DFQey9sMs2TJPC4T5QQfwqAdMWsphgrxBuFqHdxczlbBCgbWNhVw0CH2bTxe1/GFg==}
    cpu: [arm64]
    os: [win32]
    requiresBuild: true
    dev: true
    optional: true

  /turbo@2.7.1:
    resolution: {integrity: sha512-zAj9jGc7VDvuAo/5Jbos4QTtWz9uUpkMhMKGyTjDJkx//hdL2bM31qQoJSAbU+7JyK5vb0LPzpwf6DUt3zayqg==}
    hasBin: true
    optionalDependencies:
      turbo-darwin-64: 2.7.1
      turbo-darwin-arm64: 2.7.1
      turbo-linux-64: 2.7.1
      turbo-linux-arm64: 2.7.1
      turbo-windows-64: 2.7.1
      turbo-windows-arm64: 2.7.1
    dev: true
