lockfileVersion: '6.0'

settings:
  autoInstallPeers: true
  excludeLinksFromLockfile: false

importers:

  .:
    devDependencies:
      turbo:
        specifier: ^2.9.9
        version: 2.9.9

  apps/app-a:
    dependencies:
      pkg-a:
        specifier: workspace:*
        version: link:../../packages/pkg-a
      tooling-config:
        specifier: workspace:*
        version: link:../../packages/tooling-config

  apps/app-b:
    dependencies:
      tooling-config:
        specifier: workspace:*
        version: link:../../packages/tooling-config

  packages/pkg-a:
    dependencies:
      tooling-config:
        specifier: workspace:*
        version: link:../tooling-config

  packages/pkg-b:
    dependencies:
      tooling-config:
        specifier: workspace:*
        version: link:../tooling-config

  packages/tooling-config: {}

packages:

  /@turbo/darwin-64@2.9.9:
    resolution: {integrity: sha512-hTEiNu2ABZZOO1qbjnKASI8eF3BdOOzU6iKv5w5uGOK65DDMc10cS40N1kqM99YT0uSAGUwNu6GdFctRPeEeVA==}
    cpu: [x64]
    os: [darwin]
    requiresBuild: true
    dev: true
    optional: true

  /@turbo/darwin-arm64@2.9.9:
    resolution: {integrity: sha512-MinO40EEcP5mJiTVpfjtEulsEBhVeryfq21QhYtJZ8hQJLHGgy459rcmDVAY8/JERe4dkVU4KW+zoLF22o01EA==}
    cpu: [arm64]
    os: [darwin]
    requiresBuild: true
    dev: true
    optional: true

  /@turbo/linux-64@2.9.9:
    resolution: {integrity: sha512-7JNLw88Isk+gMlbsC8pulLDkrqe2B827ZsKFEHilb17AC6Xn/62pzH7afjY7fEU6Ayp4XP/vGhlRWOzqBvBvIQ==}
    cpu: [x64]
    os: [linux]
    requiresBuild: true
    dev: true
    optional: true

  /@turbo/linux-arm64@2.9.9:
    resolution: {integrity: sha512-0pnXDwPw1rHii98JZPRg7SvsjIzy7jrhkwGU9Jy5fVYoMdYd3P2vbtLfII+OJ0Mm4Ar5yykdHDTz3RWiRI1o9g==}
    cpu: [arm64]
    os: [linux]
    requiresBuild: true
    dev: true
    optional: true

  /@turbo/windows-64@2.9.9:
    resolution: {integrity: sha512-vjDQycz4gQVvIq4n2rPtiiIESwJlAc406qtkiZlqyL+fHZEd9SxYNlBIFYtc5cuMuwrk+sIKrhN7XvwjmvS9YQ==}
    cpu: [x64]
    os: [win32]
    requiresBuild: true
    dev: true
    optional: true

  /@turbo/windows-arm64@2.9.9:
    resolution: {integrity: sha512-V6NiH43oCctepbOdQFp7UjqLyK8p6Tt824QA+G4TE+B1BBHu80A0W8OCL+H7uBJ3XZjAj/hvPDw3k3l65DoDGw==}
    cpu: [arm64]
    os: [win32]
    requiresBuild: true
    dev: true
    optional: true

  /turbo@2.9.9:
    resolution: {integrity: sha512-3xfzXE/yTjhh0S5dIWlE+3E+J9A09REpLI1ZqVh2+HrNZoVzZn0pkvjiRgVK/Ev3PF9XnaTwCntTx+CADWXcyA==}
    hasBin: true
    optionalDependencies:
      '@turbo/darwin-64': 2.9.9
      '@turbo/darwin-arm64': 2.9.9
      '@turbo/linux-64': 2.9.9
      '@turbo/linux-arm64': 2.9.9
      '@turbo/windows-64': 2.9.9
      '@turbo/windows-arm64': 2.9.9
    dev: true
