lockfileVersion: '6.0'

settings:
  autoInstallPeers: true
  excludeLinksFromLockfile: false

importers:

  .:
    devDependencies:
      turbo:
        specifier: 2.0.0
        version: 2.0.0

  apps/apps-a:
    dependencies:
      pkg-a:
        specifier: workspace:*
        version: link:../../packages/pkg-a
      tooling-config:
        specifier: workspace:*
        version: link:../../packages/tooling-config

  apps/apps-b:
    dependencies:
      tooling-config:
        specifier: workspace:*
        version: link:../../packages/tooling-config

  packages/pkg-a:
    dependencies:
      tooling-config:
        specifier: workspace:*
        version: link:../tooling-config

  packages/pkg-b:
    dependencies:
      tooling-config:
        specifier: workspace:*
        version: link:../tooling-config

  packages/tooling-config: {}

packages:

  /turbo-darwin-64@2.0.0:
    resolution: {integrity: sha512-KpXgU4TrTpAEkOaYVqAXunxybZy2l/4u+8kJfFsED5sytG7v1QsOy1BT1iHf7Da0hSNZDNYJm7stsSmICiPQcQ==}
    cpu: [x64]
    os: [darwin]
    requiresBuild: true
    dev: true
    optional: true

  /turbo-darwin-arm64@2.0.0:
    resolution: {integrity: sha512-3AsKm5XznLunUHhmIzAael52lT8/GB6dfkDyn4H6zc8yKLlA+3i5YuhbgErWk9REy5hc00F6UigMM4N8eCKlfw==}
    cpu: [arm64]
    os: [darwin]
    requiresBuild: true
    dev: true
    optional: true

  /turbo-linux-64@2.0.0:
    resolution: {integrity: sha512-mk2WpIcBjTLM9l+cHBq9zsp5g+AJhEo3Upk/NBmyOxB6xmEVmkCDvwLhzuNo8VnuyF7SUGofoF1Tyu5jccr/nA==}
    cpu: [x64]
    os: [linux]
    requiresBuild: true
    dev: true
    optional: true

  /turbo-linux-arm64@2.0.0:
    resolution: {integrity: sha512-B1eVXr97XPEuMxGOlT9Oj/jTe3knGQxN0Lu8udITMw1b+kCNWxeCd/9QmTFL0SMUcb6rQk6BNI/KA+7PTchdpg==}
    cpu: [arm64]
    os: [linux]
    requiresBuild: true
    dev: true
    optional: true

  /turbo-windows-64@2.0.0:
    resolution: {integrity: sha512-rCGdSvDHReqkmz3la7mxmzX5Z46XVVzDzJjZg/6+sWaf1DPewkQIz58pBEjHKnBJm/L/yk16x1ap+EdFMwpSUw==}
    cpu: [x64]
    os: [win32]
    requiresBuild: true
    dev: true
    optional: true

  /turbo-windows-arm64@2.0.0:
    resolution: {integrity: sha512-IHpjN5/P2h8wuOKltXKOaAObZtgIf4YWQQEnwq1fU6yaCEXv1tNiY8RHil0kW4twtQ3jwLkkM/gTpyR6zt3CMg==}
    cpu: [arm64]
    os: [win32]
    requiresBuild: true
    dev: true
    optional: true

  /turbo@2.0.0:
    resolution: {integrity: sha512-td36JTwFY+aIQiXYWaOHWOd9TVWs5HPssOVbfHW10FmWN2zC/+/ht2SyySxtMdNWcqRCYSsv+w1/uHXQm2vTkQ==}
    hasBin: true
    optionalDependencies:
      turbo-darwin-64: 2.0.0
      turbo-darwin-arm64: 2.0.0
      turbo-linux-64: 2.0.0
      turbo-linux-arm64: 2.0.0
      turbo-windows-64: 2.0.0
      turbo-windows-arm64: 2.0.0
    dev: true
