{
  "name": "workspace",
  "lockfileVersion": 2,
  "requires": true,
  "packages": {
    "": {
      "dependencies": {
        "eslint-plugin-turbo": "../../"
      }
    },
    "../..": {
      "version": "0.0.8",
      "license": "MPL-2.0",
      "devDependencies": {
        "@types/eslint": "^8.4.5",
        "@types/estree": "^1.0.0",
        "@types/jest": "^27.4.0",
        "@types/node": "^16.11.12",
        "jest": "^27.4.3",
        "json5": "^2.2.1",
        "ts-jest": "^27.1.1",
        "tsconfig": "workspace:*",
        "tsup": "^6.2.0",
        "turbo-test-utils": "workspace:*",
        "turbo-types": "workspace:*",
        "turbo-utils": "workspace:*",
        "typescript": "^4.7.4"
      },
      "peerDependencies": {
        "eslint": ">6.6.0"
      }
    },
    "node_modules/eslint-plugin-turbo": {
      "resolved": "../..",
      "link": true
    }
  },
  "dependencies": {
    "eslint-plugin-turbo": {
      "version": "file:../..",
      "requires": {
        "@types/eslint": "^8.4.5",
        "@types/estree": "^1.0.0",
        "@types/jest": "^27.4.0",
        "@types/node": "^16.11.12",
        "jest": "^27.4.3",
        "json5": "^2.2.1",
        "ts-jest": "^27.1.1",
        "tsconfig": "workspace:*",
        "tsup": "^6.2.0",
        "turbo-test-utils": "workspace:*",
        "turbo-types": "workspace:*",
        "turbo-utils": "workspace:*",
        "typescript": "^4.7.4"
      }
    }
  }
}
