{
  "name": "affected-tasks-inputs",
  "lockfileVersion": 3,
  "requires": true,
  "packages": {
    "": {
      "name": "affected-tasks-inputs",
      "workspaces": [
        "packages/*"
      ]
    },
    "node_modules/app-a": {
      "resolved": "packages/app-a",
      "link": true
    },
    "node_modules/lib-a": {
      "resolved": "packages/lib-a",
      "link": true
    },
    "packages/app-a": {
      "dependencies": {
        "lib-a": "*"
      }
    },
    "packages/lib-a": {}
  }
}
