# THIS IS AN AUTOGENERATED FILE. DO NOT EDIT THIS FILE DIRECTLY.
# yarn lockfile v1


nextjs@^0.0.3:
  version "0.0.3"
  resolved "https://registry.yarnpkg.com/nextjs/-/nextjs-0.0.3.tgz#4f4d1d6a257be920d9b9649d4d9522c724a4e543"
  integrity sha512-mYbDUo4/sRAZ8TqK63PCpYnFiLg7BICG/ot9+guOrUKd4/Fo71ZmEQ41IZbH6nqbQvG7SXTBuofJXAIWfNho0w==

turbo-darwin-64@1.9.3:
  version "1.9.3"
  resolved "https://registry.yarnpkg.com/turbo-darwin-64/-/turbo-darwin-64-1.9.3.tgz#29470b902a1418dae8a88b2620caf917b27480bc"
  integrity sha512-0dFc2cWXl82kRE4Z+QqPHhbEFEpUZho1msHXHWbz5+PqLxn8FY0lEVOHkq5tgKNNEd5KnGyj33gC/bHhpZOk5g==

turbo-darwin-arm64@1.9.3:
  version "1.9.3"
  resolved "https://registry.yarnpkg.com/turbo-darwin-arm64/-/turbo-darwin-arm64-1.9.3.tgz#0eb404d6101ba69eab8522b16260a4eb50885e6c"
  integrity sha512-1cYbjqLBA2zYE1nbf/qVnEkrHa4PkJJbLo7hnuMuGM0bPzh4+AnTNe98gELhqI1mkTWBu/XAEeF5u6dgz0jLNA==

turbo-linux-64@1.9.3:
  version "1.9.3"
  resolved "https://registry.yarnpkg.com/turbo-linux-64/-/turbo-linux-64-1.9.3.tgz#dbce8fd50edee1319f17800ee38e7c4749ab0cb0"
  integrity sha512-UuBPFefawEwpuxh5pM9Jqq3q4C8M0vYxVYlB3qea/nHQ80pxYq7ZcaLGEpb10SGnr3oMUUs1zZvkXWDNKCJb8Q==

turbo-linux-arm64@1.9.3:
  version "1.9.3"
  resolved "https://registry.yarnpkg.com/turbo-linux-arm64/-/turbo-linux-arm64-1.9.3.tgz#636b77fde17c7a5cdef8a20616ff57f08c785345"
  integrity sha512-vUrNGa3hyDtRh9W0MkO+l1dzP8Co2gKnOVmlJQW0hdpOlWlIh22nHNGGlICg+xFa2f9j4PbQlWTsc22c019s8Q==

turbo-windows-64@1.9.3:
  version "1.9.3"
  resolved "https://registry.yarnpkg.com/turbo-windows-64/-/turbo-windows-64-1.9.3.tgz#c65625c222456161b0b4d000ec7f50e372332825"
  integrity sha512-0BZ7YaHs6r+K4ksqWus1GKK3W45DuDqlmfjm/yuUbTEVc8szmMCs12vugU2Zi5GdrdJSYfoKfEJ/PeegSLIQGQ==

turbo-windows-arm64@1.9.3:
  version "1.9.3"
  resolved "https://registry.yarnpkg.com/turbo-windows-arm64/-/turbo-windows-arm64-1.9.3.tgz#86e105692ad6ba935eff0284522bdf7728a2e517"
  integrity sha512-QJUYLSsxdXOsR1TquiOmLdAgtYcQ/RuSRpScGvnZb1hY0oLc7JWU0llkYB81wVtWs469y8H9O0cxbKwCZGR4RQ==

turbo@^1.9.3:
  version "1.9.3"
  resolved "https://registry.yarnpkg.com/turbo/-/turbo-1.9.3.tgz#911012624f647f98d9788a08e25b98e38cdd48b2"
  integrity sha512-ID7mxmaLUPKG/hVkp+h0VuucB1U99RPCJD9cEuSEOdIPoSIuomcIClEJtKamUsdPLhLCud+BvapBNnhgh58Nzw==
  optionalDependencies:
    turbo-darwin-64 "1.9.3"
    turbo-darwin-arm64 "1.9.3"
    turbo-linux-64 "1.9.3"
    turbo-linux-arm64 "1.9.3"
    turbo-windows-64 "1.9.3"
    turbo-windows-arm64 "1.9.3"
