# This file is generated by running "yarn install" inside your project.
# Manual changes might be lost - proceed with caution!

__metadata:
  version: 8
  cacheKey: 10c0

"app-a@workspace:apps/app-a":
  version: 0.0.0-use.local
  resolution: "app-a@workspace:apps/app-a"
  dependencies:
    lodash: "catalog:"
    pkg-a: "workspace:*"
    tooling-config: "workspace:*"
  languageName: unknown
  linkType: soft

"lodash@npm:^4.17.21":
  version: 4.17.21
  resolution: "lodash@npm:4.17.21"
  checksum: 10c0/d8cbea072bb08655bb4c989da418994b073a608dffa608b09ac04b43a791b12aeae7cd7ad919aa4c925f33b48490b5cfe6c1f71d827956071dae2e7bb3a6b74c
  languageName: node
  linkType: hard

"my-turborepo@workspace:.":
  version: 0.0.0-use.local
  resolution: "my-turborepo@workspace:."
  dependencies:
    turbo: "npm:^2.6.1"
  languageName: unknown
  linkType: soft

"pkg-a@workspace:*, pkg-a@workspace:packages/pkg-a":
  version: 0.0.0-use.local
  resolution: "pkg-a@workspace:packages/pkg-a"
  dependencies:
    tooling-config: "workspace:*"
  languageName: unknown
  linkType: soft

"tooling-config@workspace:*, tooling-config@workspace:packages/tooling-config":
  version: 0.0.0-use.local
  resolution: "tooling-config@workspace:packages/tooling-config"
  languageName: unknown
  linkType: soft

"turbo@npm:^2.6.1":
  version: 2.6.1
  resolution: "turbo@npm:2.6.1"
  checksum: 10c0/9875f8d85c5e1b26fbf95dec77b91a1f05ee4545b754469c6ddabe55759289bef02a08693380439d4443db72003e576df30b5852cbfa0da703c08b6e84c557a5
  languageName: node
  linkType: hard
