# This file is generated by running "yarn install" inside your project.
# Manual changes might be lost - proceed with caution!

__metadata:
  version: 8
  cacheKey: 10c0

"@repo/config@npm:*, @repo/config@workspace:packages/config":
  version: 0.0.0-use.local
  resolution: "@repo/config@workspace:packages/config"
  languageName: unknown
  linkType: soft

"@repo/ui@npm:*, @repo/ui@workspace:packages/ui":
  version: 0.0.0-use.local
  resolution: "@repo/ui@workspace:packages/ui"
  dependencies:
    "@repo/config": "npm:*"
    lodash: "npm:^4.17.21"
  languageName: unknown
  linkType: soft

"docs@workspace:apps/docs":
  version: 0.0.0-use.local
  resolution: "docs@workspace:apps/docs"
  dependencies:
    "@repo/ui": "npm:*"
    is-even: "npm:^1.0.0"
  languageName: unknown
  linkType: soft

"is-buffer@npm:^1.1.5":
  version: 1.1.6
  resolution: "is-buffer@npm:1.1.6"
  checksum: 10c0/ae18aa0b6e113d6c490ad1db5e8df9bdb57758382b313f5a22c9c61084875c6396d50bbf49315f5b1926d142d74dfb8d31b40d993a383e0a158b15fea7a82234
  languageName: node
  linkType: hard

"is-even@npm:^1.0.0":
  version: 1.0.0
  resolution: "is-even@npm:1.0.0"
  dependencies:
    is-odd: "npm:^0.1.2"
  checksum: 10c0/2728cc2f390d07c6a44a054aa53ae6ce57c3a4adfd76a92df528e992b4a978fdec4eaa948e0de6e6431ef3c8deebf1c964fd870d4983044ec9f0f4e630dfb3a5
  languageName: node
  linkType: hard

"is-number@npm:^3.0.0":
  version: 3.0.0
  resolution: "is-number@npm:3.0.0"
  dependencies:
    kind-of: "npm:^3.0.2"
  checksum: 10c0/e639c54640b7f029623df24d3d103901e322c0c25ea5bde97cd723c2d0d4c05857a8364ab5c58d963089dbed6bf1d0ffe975cb6aef917e2ad0ccbca653d31b4f
  languageName: node
  linkType: hard

"is-number@npm:^6.0.0":
  version: 6.0.0
  resolution: "is-number@npm:6.0.0"
  checksum: 10c0/5da4c68401529675c575878d2760d66f18eaef4b014858577f6003daf66488d7fe4eae684b1e8574e3fa1bb447c6c6c56b8491d2b4b3239da2d32e5f6f218008
  languageName: node
  linkType: hard

"is-odd@npm:^0.1.2":
  version: 0.1.2
  resolution: "is-odd@npm:0.1.2"
  dependencies:
    is-number: "npm:^3.0.0"
  checksum: 10c0/7dc6c6fd004861208ef9f324021c66f19b3dad209c2da3ef3720d4d76e141974fadb52c47b439fc8c52af579468640b554115395b5673f4558ef09719260e898
  languageName: node
  linkType: hard

"is-odd@npm:^3.0.1":
  version: 3.0.1
  resolution: "is-odd@npm:3.0.1"
  dependencies:
    is-number: "npm:^6.0.0"
  checksum: 10c0/89ee2e353c5a3f3bd400c79db1c307a5b3506198ee8169d521e533a9b1d8a08fc95f21a919c084e98845b4286d7ffe309778da03744dfe66c3c1763ab1a030c6
  languageName: node
  linkType: hard

"kind-of@npm:^3.0.2":
  version: 3.2.2
  resolution: "kind-of@npm:3.2.2"
  dependencies:
    is-buffer: "npm:^1.1.5"
  checksum: 10c0/7e34bc29d4b02c997f92f080de34ebb92033a96736bbb0bb2410e033a7e5ae6571f1fa37b2d7710018f95361473b816c604234197f4f203f9cf149d8ef1574d9
  languageName: node
  linkType: hard

"lodash@npm:^4.17.21":
  version: 4.17.23
  resolution: "lodash@npm:4.17.23"
  checksum: 10c0/1264a90469f5bb95d4739c43eb6277d15b6d9e186df4ac68c3620443160fc669e2f14c11e7d8b2ccf078b81d06147c01a8ccced9aab9f9f63d50dcf8cace6bf6
  languageName: node
  linkType: hard

"web@workspace:apps/web":
  version: 0.0.0-use.local
  resolution: "web@workspace:apps/web"
  dependencies:
    "@repo/ui": "npm:*"
    is-odd: "npm:^3.0.1"
  languageName: unknown
  linkType: soft

"yarn-berry-basic@workspace:.":
  version: 0.0.0-use.local
  resolution: "yarn-berry-basic@workspace:."
  languageName: unknown
  linkType: soft
